
Microsoft Visual Studio Solution File, Format Version 12.00
# Visual Studio Version 17
VisualStudioVersion = 17.2.32630.192
MinimumVisualStudioVersion = 10.0.40219.1
Project("{FAE04EC0-301F-11D3-BF4B-00C04F79EFBC}") = "BusReservations.WebAPI", "BusReservations.WebAPI.csproj", "{106DB802-9FE5-448F-A417-558C16C7EEFF}"
EndProject
Project("{FAE04EC0-301F-11D3-BF4B-00C04F79EFBC}") = "BusReservations.ConsoleApp", "..\BusReservations.ConsoleApp\BusReservations.ConsoleApp.csproj", "{ADB14B5D-6D66-4069-956B-26D6FB744AC1}"
EndProject
Project("{FAE04EC0-301F-11D3-BF4B-00C04F79EFBC}") = "BusReservations.Infrastructure", "..\BusReservations.Infrastructure\BusReservations.Infrastructure.csproj", "{F7B04C64-686F-42CF-B133-517A9932A7C0}"
EndProject
Project("{FAE04EC0-301F-11D3-BF4B-00C04F79EFBC}") = "BusReservations.Core", "..\BusReservations.Core\BusReservations.Core.csproj", "{3BAA553F-054B-4E53-A7EB-47A02D9125F7}"
EndProject
Global
	GlobalSection(SolutionConfigurationPlatforms) = preSolution
		Debug|Any CPU = Debug|Any CPU
		Release|Any CPU = Release|Any CPU
	EndGlobalSection
	GlobalSection(ProjectConfigurationPlatforms) = postSolution
		{106DB802-9FE5-448F-A417-558C16C7EEFF}.Debug|Any CPU.ActiveCfg = Debug|Any CPU
		{106DB802-9FE5-448F-A417-558C16C7EEFF}.Debug|Any CPU.Build.0 = Debug|Any CPU
		{106DB802-9FE5-448F-A417-558C16C7EEFF}.Release|Any CPU.ActiveCfg = Release|Any CPU
		{106DB802-9FE5-448F-A417-558C16C7EEFF}.Release|Any CPU.Build.0 = Release|Any CPU
		{ADB14B5D-6D66-4069-956B-26D6FB744AC1}.Debug|Any CPU.ActiveCfg = Debug|Any CPU
		{ADB14B5D-6D66-4069-956B-26D6FB744AC1}.Debug|Any CPU.Build.0 = Debug|Any CPU
		{ADB14B5D-6D66-4069-956B-26D6FB744AC1}.Release|Any CPU.ActiveCfg = Release|Any CPU
		{ADB14B5D-6D66-4069-956B-26D6FB744AC1}.Release|Any CPU.Build.0 = Release|Any CPU
		{F7B04C64-686F-42CF-B133-517A9932A7C0}.Debug|Any CPU.ActiveCfg = Debug|Any CPU
		{F7B04C64-686F-42CF-B133-517A9932A7C0}.Debug|Any CPU.Build.0 = Debug|Any CPU
		{F7B04C64-686F-42CF-B133-517A9932A7C0}.Release|Any CPU.ActiveCfg = Release|Any CPU
		{F7B04C64-686F-42CF-B133-517A9932A7C0}.Release|Any CPU.Build.0 = Release|Any CPU
		{3BAA553F-054B-4E53-A7EB-47A02D9125F7}.Debug|Any CPU.ActiveCfg = Debug|Any CPU
		{3BAA553F-054B-4E53-A7EB-47A02D9125F7}.Debug|Any CPU.Build.0 = Debug|Any CPU
		{3BAA553F-054B-4E53-A7EB-47A02D9125F7}.Release|Any CPU.ActiveCfg = Release|Any CPU
		{3BAA553F-054B-4E53-A7EB-47A02D9125F7}.Release|Any CPU.Build.0 = Release|Any CPU
	EndGlobalSection
	GlobalSection(SolutionProperties) = preSolution
		HideSolutionNode = FALSE
	EndGlobalSection
	GlobalSection(ExtensibilityGlobals) = postSolution
		SolutionGuid = {F270FAC7-2AE5-45E8-8B06-125D83F31DDB}
	EndGlobalSection
EndGlobal
